
Microsoft Visual Studio Solution File, Format Version 12.00
# Visual Studio Version 16
VisualStudioVersion = 16.0.31729.503
MinimumVisualStudioVersion = 10.0.40219.1
Project("{9A19103F-16F7-4668-BE54-9A1E7A4F7556}") = "WeatherData", "WeatherData\WeatherData.csproj", "{22273A2B-CAFC-4535-9AD1-89F0C565C477}"
EndProject
Project("{FAE04EC0-301F-11D3-BF4B-00C04F79EFBC}") = "LiveChartsVisualization", "LiveChartsVisualization\LiveChartsVisualization.csproj", "{D42C7496-ED2F-4CBE-A0E6-C7FB440AA38E}"
EndProject
Global
	GlobalSection(SolutionConfigurationPlatforms) = preSolution
		Debug|Any CPU = Debug|Any CPU
		Release|Any CPU = Release|Any CPU
	EndGlobalSection
	GlobalSection(ProjectConfigurationPlatforms) = postSolution
		{22273A2B-CAFC-4535-9AD1-89F0C565C477}.Debug|Any CPU.ActiveCfg = Debug|Any CPU
		{22273A2B-CAFC-4535-9AD1-89F0C565C477}.Debug|Any CPU.Build.0 = Debug|Any CPU
		{22273A2B-CAFC-4535-9AD1-89F0C565C477}.Release|Any CPU.ActiveCfg = Release|Any CPU
		{22273A2B-CAFC-4535-9AD1-89F0C565C477}.Release|Any CPU.Build.0 = Release|Any CPU
		{D42C7496-ED2F-4CBE-A0E6-C7FB440AA38E}.Debug|Any CPU.ActiveCfg = Debug|Any CPU
		{D42C7496-ED2F-4CBE-A0E6-C7FB440AA38E}.Debug|Any CPU.Build.0 = Debug|Any CPU
		{D42C7496-ED2F-4CBE-A0E6-C7FB440AA38E}.Release|Any CPU.ActiveCfg = Release|Any CPU
		{D42C7496-ED2F-4CBE-A0E6-C7FB440AA38E}.Release|Any CPU.Build.0 = Release|Any CPU
	EndGlobalSection
	GlobalSection(SolutionProperties) = preSolution
		HideSolutionNode = FALSE
	EndGlobalSection
	GlobalSection(ExtensibilityGlobals) = postSolution
		SolutionGuid = {A996CBD5-A927-4B66-8AEE-F39A6F5B38BA}
	EndGlobalSection
EndGlobal
